// !$*UTF8*$!
{
	archiveVersion = 1;
	classes = {
	};
	objectVersion = 46;
	objects = {

/* Begin PBXBuildFile section */
		3FB2C58E1D4456E90060F7F7 /* AppDelegate.swift in Sources */ = {isa = PBXBuildFile; fileRef = 3FB2C58D1D4456E90060F7F7 /* AppDelegate.swift */; };
		3FB2C5901D4456E90060F7F7 /* ViewController.swift in Sources */ = {isa = PBXBuildFile; fileRef = 3FB2C58F1D4456E90060F7F7 /* ViewController.swift */; };
		3FB2C5931D4456E90060F7F7 /* Main.storyboard in Resources */ = {isa = PBXBuildFile; fileRef = 3FB2C5911D4456E90060F7F7 /* Main.storyboard */; };
		3FB2C5951D4456E90060F7F7 /* Assets.xcassets in Resources */ = {isa = PBXBuildFile; fileRef = 3FB2C5941D4456E90060F7F7 /* Assets.xcassets */; };
		3FB2C5981D4456E90060F7F7 /* LaunchScreen.storyboard in Resources */ = {isa = PBXBuildFile; fileRef = 3FB2C5961D4456E90060F7F7 /* LaunchScreen.storyboard */; };
		3FB2C5A31D4456EA0060F7F7 /* ConfigExTests.swift in Sources */ = {isa = PBXBuildFile; fileRef = 3FB2C5A21D4456EA0060F7F7 /* ConfigExTests.swift */; };
		3FB2C5AE1D4456EA0060F7F7 /* ConfigExUITests.swift in Sources */ = {isa = PBXBuildFile; fileRef = 3FB2C5AD1D4456EA0060F7F7 /* ConfigExUITests.swift */; };
/* End PBXBuildFile section */

/* Begin PBXContainerItemProxy section */
		3FB2C59F1D4456EA0060F7F7 /* PBXContainerItemProxy */ = {
			isa = PBXContainerItemProxy;
			containerPortal = 3FB2C5821D4456E90060F7F7 /* Project object */;
			proxyType = 1;
			remoteGlobalIDString = 3FB2C5891D4456E90060F7F7;
			remoteInfo = ConfigEx;
		};
		3FB2C5AA1D4456EA0060F7F7 /* PBXContainerItemProxy */ = {
			isa = PBXContainerItemProxy;
			containerPortal = 3FB2C5821D4456E90060F7F7 /* Project object */;
			proxyType = 1;
			remoteGlobalIDString = 3FB2C5891D4456E90060F7F7;
			remoteInfo = ConfigEx;
		};
/* End PBXContainerItemProxy section */

/* Begin PBXFileReference section */
		3FB2C58A1D4456E90060F7F7 /* ConfigEx.app */ = {isa = PBXFileReference; explicitFileType = wrapper.application; includeInIndex = 0; path = ConfigEx.app; sourceTree = BUILT_PRODUCTS_DIR; };
		3FB2C58D1D4456E90060F7F7 /* AppDelegate.swift */ = {isa = PBXFileReference; lastKnownFileType = sourcecode.swift; path = AppDelegate.swift; sourceTree = "<group>"; };
		3FB2C58F1D4456E90060F7F7 /* ViewController.swift */ = {isa = PBXFileReference; lastKnownFileType = sourcecode.swift; path = ViewController.swift; sourceTree = "<group>"; };
		3FB2C5921D4456E90060F7F7 /* Base */ = {isa = PBXFileReference; lastKnownFileType = file.storyboard; name = Base; path = Base.lproj/Main.storyboard; sourceTree = "<group>"; };
		3FB2C5941D4456E90060F7F7 /* Assets.xcassets */ = {isa = PBXFileReference; lastKnownFileType = folder.assetcatalog; path = Assets.xcassets; sourceTree = "<group>"; };
		3FB2C5971D4456E90060F7F7 /* Base */ = {isa = PBXFileReference; lastKnownFileType = file.storyboard; name = Base; path = Base.lproj/LaunchScreen.storyboard; sourceTree = "<group>"; };
		3FB2C5991D4456E90060F7F7 /* Info.plist */ = {isa = PBXFileReference; lastKnownFileType = text.plist.xml; path = Info.plist; sourceTree = "<group>"; };
		3FB2C59E1D4456EA0060F7F7 /* ConfigExTests.xctest */ = {isa = PBXFileReference; explicitFileType = wrapper.cfbundle; includeInIndex = 0; path = ConfigExTests.xctest; sourceTree = BUILT_PRODUCTS_DIR; };
		3FB2C5A21D4456EA0060F7F7 /* ConfigExTests.swift */ = {isa = PBXFileReference; lastKnownFileType = sourcecode.swift; path = ConfigExTests.swift; sourceTree = "<group>"; };
		3FB2C5A41D4456EA0060F7F7 /* Info.plist */ = {isa = PBXFileReference; lastKnownFileType = text.plist.xml; path = Info.plist; sourceTree = "<group>"; };
		3FB2C5A91D4456EA0060F7F7 /* ConfigExUITests.xctest */ = {isa = PBXFileReference; explicitFileType = wrapper.cfbundle; includeInIndex = 0; path = ConfigExUITests.xctest; sourceTree = BUILT_PRODUCTS_DIR; };
		3FB2C5AD1D4456EA0060F7F7 /* ConfigExUITests.swift */ = {isa = PBXFileReference; lastKnownFileType = sourcecode.swift; path = ConfigExUITests.swift; sourceTree = "<group>"; };
		3FB2C5AF1D4456EA0060F7F7 /* Info.plist */ = {isa = PBXFileReference; lastKnownFileType = text.plist.xml; path = Info.plist; sourceTree = "<group>"; };
/* End PBXFileReference section */

/* Begin PBXFrameworksBuildPhase section */
		3FB2C5871D4456E90060F7F7 /* Frameworks */ = {
			isa = PBXFrameworksBuildPhase;
			buildActionMask = 2147483647;
			files = (
			);
			runOnlyForDeploymentPostprocessing = 0;
		};
		3FB2C59B1D4456EA0060F7F7 /* Frameworks */ = {
			isa = PBXFrameworksBuildPhase;
			buildActionMask = 2147483647;
			files = (
			);
			runOnlyForDeploymentPostprocessing = 0;
		};
		3FB2C5A61D4456EA0060F7F7 /* Frameworks */ = {
			isa = PBXFrameworksBuildPhase;
			buildActionMask = 2147483647;
			files = (
			);
			runOnlyForDeploymentPostprocessing = 0;
		};
/* End PBXFrameworksBuildPhase section */

/* Begin PBXGroup section */
		3FB2C5811D4456E90060F7F7 = {
			isa = PBXGroup;
			children = (
				3FB2C58C1D4456E90060F7F7 /* ConfigEx */,
				3FB2C5A11D4456EA0060F7F7 /* ConfigExTests */,
				3FB2C5AC1D4456EA0060F7F7 /* ConfigExUITests */,
				3FB2C58B1D4456E90060F7F7 /* Products */,
			);
			sourceTree = "<group>";
		};
		3FB2C58B1D4456E90060F7F7 /* Products */ = {
			isa = PBXGroup;
			children = (
				3FB2C58A1D4456E90060F7F7 /* ConfigEx.app */,
				3FB2C59E1D4456EA0060F7F7 /* ConfigExTests.xctest */,
				3FB2C5A91D4456EA0060F7F7 /* ConfigExUITests.xctest */,
			);
			name = Products;
			sourceTree = "<group>";
		};
		3FB2C58C1D4456E90060F7F7 /* ConfigEx */ = {
			isa = PBXGroup;
			children = (
				3FB2C58D1D4456E90060F7F7 /* AppDelegate.swift */,
				3FB2C58F1D4456E90060F7F7 /* ViewController.swift */,
				3FB2C5911D4456E90060F7F7 /* Main.storyboard */,
				3FB2C5941D4456E90060F7F7 /* Assets.xcassets */,
				3FB2C5961D4456E90060F7F7 /* LaunchScreen.storyboard */,
				3FB2C5991D4456E90060F7F7 /* Info.plist */,
			);
			path = ConfigEx;
			sourceTree = "<group>";
		};
		3FB2C5A11D4456EA0060F7F7 /* ConfigExTests */ = {
			isa = PBXGroup;
			children = (
				3FB2C5A21D4456EA0060F7F7 /* ConfigExTests.swift */,
				3FB2C5A41D4456EA0060F7F7 /* Info.plist */,
			);
			path = ConfigExTests;
			sourceTree = "<group>";
		};
		3FB2C5AC1D4456EA0060F7F7 /* ConfigExUITests */ = {
			isa = PBXGroup;
			children = (
				3FB2C5AD1D4456EA0060F7F7 /* ConfigExUITests.swift */,
				3FB2C5AF1D4456EA0060F7F7 /* Info.plist */,
			);
			path = ConfigExUITests;
			sourceTree = "<group>";
		};
/* End PBXGroup section */

/* Begin PBXNativeTarget section */
		3FB2C5891D4456E90060F7F7 /* ConfigEx */ = {
			isa = PBXNativeTarget;
			buildConfigurationList = 3FB2C5B21D4456EA0060F7F7 /* Build configuration list for PBXNativeTarget "ConfigEx" */;
			buildPhases = (
				3FB2C5861D4456E90060F7F7 /* Sources */,
				3FB2C5871D4456E90060F7F7 /* Frameworks */,
				3FB2C5881D4456E90060F7F7 /* Resources */,
			);
			buildRules = (
			);
			dependencies = (
			);
			name = ConfigEx;
			productName = ConfigEx;
			productReference = 3FB2C58A1D4456E90060F7F7 /* ConfigEx.app */;
			productType = "com.apple.product-type.application";
		};
		3FB2C59D1D4456EA0060F7F7 /* ConfigExTests */ = {
			isa = PBXNativeTarget;
			buildConfigurationList = 3FB2C5B51D4456EA0060F7F7 /* Build configuration list for PBXNativeTarget "ConfigExTests" */;
			buildPhases = (
				3FB2C59A1D4456EA0060F7F7 /* Sources */,
				3FB2C59B1D4456EA0060F7F7 /* Frameworks */,
				3FB2C59C1D4456EA0060F7F7 /* Resources */,
			);
			buildRules = (
			);
			dependencies = (
				3FB2C5A01D4456EA0060F7F7 /* PBXTargetDependency */,
			);
			name = ConfigExTests;
			productName = ConfigExTests;
			productReference = 3FB2C59E1D4456EA0060F7F7 /* ConfigExTests.xctest */;
			productType = "com.apple.product-type.bundle.unit-test";
		};
		3FB2C5A81D4456EA0060F7F7 /* ConfigExUITests */ = {
			isa = PBXNativeTarget;
			buildConfigurationList = 3FB2C5B81D4456EA0060F7F7 /* Build configuration list for PBXNativeTarget "ConfigExUITests" */;
			buildPhases = (
				3FB2C5A51D4456EA0060F7F7 /* Sources */,
				3FB2C5A61D4456EA0060F7F7 /* Frameworks */,
				3FB2C5A71D4456EA0060F7F7 /* Resources */,
			);
			buildRules = (
			);
			dependencies = (
				3FB2C5AB1D4456EA0060F7F7 /* PBXTargetDependency */,
			);
			name = ConfigExUITests;
			productName = ConfigExUITests;
			productReference = 3FB2C5A91D4456EA0060F7F7 /* ConfigExUITests.xctest */;
			productType = "com.apple.product-type.bundle.ui-testing";
		};
/* End PBXNativeTarget section */

/* Begin PBXProject section */
		3FB2C5821D4456E90060F7F7 /* Project object */ = {
			isa = PBXProject;
			attributes = {
				LastSwiftUpdateCheck = 0730;
				LastUpgradeCheck = 0730;
				ORGANIZATIONNAME = "Jeremy Cromer";
				TargetAttributes = {
					3FB2C5891D4456E90060F7F7 = {
						CreatedOnToolsVersion = 7.3.1;
					};
					3FB2C59D1D4456EA0060F7F7 = {
						CreatedOnToolsVersion = 7.3.1;
						TestTargetID = 3FB2C5891D4456E90060F7F7;
					};
					3FB2C5A81D4456EA0060F7F7 = {
						CreatedOnToolsVersion = 7.3.1;
						TestTargetID = 3FB2C5891D4456E90060F7F7;
					};
				};
			};
			buildConfigurationList = 3FB2C5851D4456E90060F7F7 /* Build configuration list for PBXProject "ConfigEx" */;
			compatibilityVersion = "Xcode 3.2";
			developmentRegion = English;
			hasScannedForEncodings = 0;
			knownRegions = (
				en,
				Base,
			);
			mainGroup = 3FB2C5811D4456E90060F7F7;
			productRefGroup = 3FB2C58B1D4456E90060F7F7 /* Products */;
			projectDirPath = "";
			projectRoot = "";
			targets = (
				3FB2C5891D4456E90060F7F7 /* ConfigEx */,
				3FB2C59D1D4456EA0060F7F7 /* ConfigExTests */,
				3FB2C5A81D4456EA0060F7F7 /* ConfigExUITests */,
			);
		};
/* End PBXProject section */

/* Begin PBXResourcesBuildPhase section */
		3FB2C5881D4456E90060F7F7 /* Resources */ = {
			isa = PBXResourcesBuildPhase;
			buildActionMask = 2147483647;
			files = (
				3FB2C5981D4456E90060F7F7 /* LaunchScreen.storyboard in Resources */,
				3FB2C5951D4456E90060F7F7 /* Assets.xcassets in Resources */,
				3FB2C5931D4456E90060F7F7 /* Main.storyboard in Resources */,
			);
			runOnlyForDeploymentPostprocessing = 0;
		};
		3FB2C59C1D4456EA0060F7F7 /* Resources */ = {
			isa = PBXResourcesBuildPhase;
			buildActionMask = 2147483647;
			files = (
			);
			runOnlyForDeploymentPostprocessing = 0;
		};
		3FB2C5A71D4456EA0060F7F7 /* Resources */ = {
			isa = PBXResourcesBuildPhase;
			buildActionMask = 2147483647;
			files = (
			);
			runOnlyForDeploymentPostprocessing = 0;
		};
/* End PBXResourcesBuildPhase section */

/* Begin PBXSourcesBuildPhase section */
		3FB2C5861D4456E90060F7F7 /* Sources */ = {
			isa = PBXSourcesBuildPhase;
			buildActionMask = 2147483647;
			files = (
				3FB2C5901D4456E90060F7F7 /* ViewController.swift in Sources */,
				3FB2C58E1D4456E90060F7F7 /* AppDelegate.swift in Sources */,
			);
			runOnlyForDeploymentPostprocessing = 0;
		};
		3FB2C59A1D4456EA0060F7F7 /* Sources */ = {
			isa = PBXSourcesBuildPhase;
			buildActionMask = 2147483647;
			files = (
				3FB2C5A31D4456EA0060F7F7 /* ConfigExTests.swift in Sources */,
			);
			runOnlyForDeploymentPostprocessing = 0;
		};
		3FB2C5A51D4456EA0060F7F7 /* Sources */ = {
			isa = PBXSourcesBuildPhase;
			buildActionMask = 2147483647;
			files = (
				3FB2C5AE1D4456EA0060F7F7 /* ConfigExUITests.swift in Sources */,
			);
			runOnlyForDeploymentPostprocessing = 0;
		};
/* End PBXSourcesBuildPhase section */

/* Begin PBXTargetDependency section */
		3FB2C5A01D4456EA0060F7F7 /* PBXTargetDependency */ = {
			isa = PBXTargetDependency;
			target = 3FB2C5891D4456E90060F7F7 /* ConfigEx */;
			targetProxy = 3FB2C59F1D4456EA0060F7F7 /* PBXContainerItemProxy */;
		};
		3FB2C5AB1D4456EA0060F7F7 /* PBXTargetDependency */ = {
			isa = PBXTargetDependency;
			target = 3FB2C5891D4456E90060F7F7 /* ConfigEx */;
			targetProxy = 3FB2C5AA1D4456EA0060F7F7 /* PBXContainerItemProxy */;
		};
/* End PBXTargetDependency section */

/* Begin PBXVariantGroup section */
		3FB2C5911D4456E90060F7F7 /* Main.storyboard */ = {
			isa = PBXVariantGroup;
			children = (
				3FB2C5921D4456E90060F7F7 /* Base */,
			);
			name = Main.storyboard;
			sourceTree = "<group>";
		};
		3FB2C5961D4456E90060F7F7 /* LaunchScreen.storyboard */ = {
			isa = PBXVariantGroup;
			children = (
				3FB2C5971D4456E90060F7F7 /* Base */,
			);
			name = LaunchScreen.storyboard;
			sourceTree = "<group>";
		};
/* End PBXVariantGroup section */

/* Begin XCBuildConfiguration section */
		3FB2C5B01D4456EA0060F7F7 /* Debug */ = {
			isa = XCBuildConfiguration;
			buildSettings = {
				ALWAYS_SEARCH_USER_PATHS = NO;
				CLANG_ANALYZER_NONNULL = YES;
				CLANG_CXX_LANGUAGE_STANDARD = "gnu++0x";
				CLANG_CXX_LIBRARY = "libc++";
				CLANG_ENABLE_MODULES = YES;
				CLANG_ENABLE_OBJC_ARC = YES;
				CLANG_WARN_BOOL_CONVERSION = YES;
				CLANG_WARN_CONSTANT_CONVERSION = YES;
				CLANG_WARN_DIRECT_OBJC_ISA_USAGE = YES_ERROR;
				CLANG_WARN_EMPTY_BODY = YES;
				CLANG_WARN_ENUM_CONVERSION = YES;
				CLANG_WARN_INT_CONVERSION = YES;
				CLANG_WARN_OBJC_ROOT_CLASS = YES_ERROR;
				CLANG_WARN_UNREACHABLE_CODE = YES;
				CLANG_WARN__DUPLICATE_METHOD_MATCH = YES;
				"CODE_SIGN_IDENTITY[sdk=iphoneos*]" = "iPhone Developer";
				COPY_PHASE_STRIP = NO;
				DEBUG_INFORMATION_FORMAT = dwarf;
				ENABLE_STRICT_OBJC_MSGSEND = YES;
				ENABLE_TESTABILITY = YES;
				GCC_C_LANGUAGE_STANDARD = gnu99;
				GCC_DYNAMIC_NO_PIC = NO;
				GCC_NO_COMMON_BLOCKS = YES;
				GCC_OPTIMIZATION_LEVEL = 0;
				GCC_PREPROCESSOR_DEFINITIONS = (
					"DEBUG=1",
					"$(inherited)",
				);
				GCC_WARN_64_TO_32_BIT_CONVERSION = YES;
				GCC_WARN_ABOUT_RETURN_TYPE = YES_ERROR;
				GCC_WARN_UNDECLARED_SELECTOR = YES;
				GCC_WARN_UNINITIALIZED_AUTOS = YES_AGGRESSIVE;
				GCC_WARN_UNUSED_FUNCTION = YES;
				GCC_WARN_UNUSED_VARIABLE = YES;
				IPHONEOS_DEPLOYMENT_TARGET = 9.3;
				MTL_ENABLE_DEBUG_INFO = YES;
				ONLY_ACTIVE_ARCH = YES;
				SDKROOT = iphoneos;
				SWIFT_OPTIMIZATION_LEVEL = "-Onone";
				TARGETED_DEVICE_FAMILY = "1,2";
			};
			name = Debug;
		};
		3FB2C5B11D4456EA0060F7F7 /* Release */ = {
			isa = XCBuildConfiguration;
			buildSettings = {
				ALWAYS_SEARCH_USER_PATHS = NO;
				CLANG_ANALYZER_NONNULL = YES;
				CLANG_CXX_LANGUAGE_STANDARD = "gnu++0x";
				CLANG_CXX_LIBRARY = "libc++";
				CLANG_ENABLE_MODULES = YES;
				CLANG_ENABLE_OBJC_ARC = YES;
				CLANG_WARN_BOOL_CONVERSION = YES;
				CLANG_WARN_CONSTANT_CONVERSION = YES;
				CLANG_WARN_DIRECT_OBJC_ISA_USAGE = YES_ERROR;
				CLANG_WARN_EMPTY_BODY = YES;
				CLANG_WARN_ENUM_CONVERSION = YES;
				CLANG_WARN_INT_CONVERSION = YES;
				CLANG_WARN_OBJC_ROOT_CLASS = YES_ERROR;
				CLANG_WARN_UNREACHABLE_CODE = YES;
				CLANG_WARN__DUPLICATE_METHOD_MATCH = YES;
				"CODE_SIGN_IDENTITY[sdk=iphoneos*]" = "iPhone Developer";
				COPY_PHASE_STRIP = NO;
				DEBUG_INFORMATION_FORMAT = "dwarf-with-dsym";
				ENABLE_NS_ASSERTIONS = NO;
				ENABLE_STRICT_OBJC_MSGSEND = YES;
				GCC_C_LANGUAGE_STANDARD = gnu99;
				GCC_NO_COMMON_BLOCKS = YES;
				GCC_WARN_64_TO_32_BIT_CONVERSION = YES;
				GCC_WARN_ABOUT_RETURN_TYPE = YES_ERROR;
				GCC_WARN_UNDECLARED_SELECTOR = YES;
				GCC_WARN_UNINITIALIZED_AUTOS = YES_AGGRESSIVE;
				GCC_WARN_UNUSED_FUNCTION = YES;
				GCC_WARN_UNUSED_VARIABLE = YES;
				IPHONEOS_DEPLOYMENT_TARGET = 9.3;
				MTL_ENABLE_DEBUG_INFO = NO;
				SDKROOT = iphoneos;
				TARGETED_DEVICE_FAMILY = "1,2";
				VALIDATE_PRODUCT = YES;
			};
			name = Release;
		};
		3FB2C5B31D4456EA0060F7F7 /* Debug */ = {
			isa = XCBuildConfiguration;
			buildSettings = {
				ASSETCATALOG_COMPILER_APPICON_NAME = AppIcon;
				INFOPLIST_FILE = ConfigEx/Info.plist;
				LD_RUNPATH_SEARCH_PATHS = "$(inherited) @executable_path/Frameworks";
				PRODUCT_BUNDLE_IDENTIFIER = acme.ConfigEx;
				PRODUCT_NAME = "$(TARGET_NAME)";
			};
			name = Debug;
		};
		3FB2C5B41D4456EA0060F7F7 /* Release */ = {
			isa = XCBuildConfiguration;
			buildSettings = {
				ASSETCATALOG_COMPILER_APPICON_NAME = AppIcon;
				INFOPLIST_FILE = ConfigEx/Info.plist;
				LD_RUNPATH_SEARCH_PATHS = "$(inherited) @executable_path/Frameworks";
				PRODUCT_BUNDLE_IDENTIFIER = acme.ConfigEx;
				PRODUCT_NAME = "$(TARGET_NAME)";
			};
			name = Release;
		};
		3FB2C5B61D4456EA0060F7F7 /* Debug */ = {
			isa = XCBuildConfiguration;
			buildSettings = {
				BUNDLE_LOADER = "$(TEST_HOST)";
				INFOPLIST_FILE = ConfigExTests/Info.plist;
				LD_RUNPATH_SEARCH_PATHS = "$(inherited) @executable_path/Frameworks @loader_path/Frameworks";
				PRODUCT_BUNDLE_IDENTIFIER = acme.ConfigExTests;
				PRODUCT_NAME = "$(TARGET_NAME)";
				TEST_HOST = "$(BUILT_PRODUCTS_DIR)/ConfigEx.app/ConfigEx";
			};
			name = Debug;
		};
		3FB2C5B71D4456EA0060F7F7 /* Release */ = {
			isa = XCBuildConfiguration;
			buildSettings = {
				BUNDLE_LOADER = "$(TEST_HOST)";
				INFOPLIST_FILE = ConfigExTests/Info.plist;
				LD_RUNPATH_SEARCH_PATHS = "$(inherited) @executable_path/Frameworks @loader_path/Frameworks";
				PRODUCT_BUNDLE_IDENTIFIER = acme.ConfigExTests;
				PRODUCT_NAME = "$(TARGET_NAME)";
				TEST_HOST = "$(BUILT_PRODUCTS_DIR)/ConfigEx.app/ConfigEx";
			};
			name = Release;
		};
		3FB2C5B91D4456EA0060F7F7 /* Debug */ = {
			isa = XCBuildConfiguration;
			buildSettings = {
				INFOPLIST_FILE = ConfigExUITests/Info.plist;
				LD_RUNPATH_SEARCH_PATHS = "$(inherited) @executable_path/Frameworks @loader_path/Frameworks";
				PRODUCT_BUNDLE_IDENTIFIER = acme.ConfigExUITests;
				PRODUCT_NAME = "$(TARGET_NAME)";
				TEST_TARGET_NAME = ConfigEx;
			};
			name = Debug;
		};
		3FB2C5BA1D4456EA0060F7F7 /* Release */ = {
			isa = XCBuildConfiguration;
			buildSettings = {
				INFOPLIST_FILE = ConfigExUITests/Info.plist;
				LD_RUNPATH_SEARCH_PATHS = "$(inherited) @executable_path/Frameworks @loader_path/Frameworks";
				PRODUCT_BUNDLE_IDENTIFIER = acme.ConfigExUITests;
				PRODUCT_NAME = "$(TARGET_NAME)";
				TEST_TARGET_NAME = ConfigEx;
			};
			name = Release;
		};
/* End XCBuildConfiguration section */

/* Begin XCConfigurationList section */
		3FB2C5851D4456E90060F7F7 /* Build configuration list for PBXProject "ConfigEx" */ = {
			isa = XCConfigurationList;
			buildConfigurations = (
				3FB2C5B01D4456EA0060F7F7 /* Debug */,
				3FB2C5B11D4456EA0060F7F7 /* Release */,
			);
			defaultConfigurationIsVisible = 0;
			defaultConfigurationName = Release;
		};
		3FB2C5B21D4456EA0060F7F7 /* Build configuration list for PBXNativeTarget "ConfigEx" */ = {
			isa = XCConfigurationList;
			buildConfigurations = (
				3FB2C5B31D4456EA0060F7F7 /* Debug */,
				3FB2C5B41D4456EA0060F7F7 /* Release */,
			);
			defaultConfigurationIsVisible = 0;
		};
		3FB2C5B51D4456EA0060F7F7 /* Build configuration list for PBXNativeTarget "ConfigExTests" */ = {
			isa = XCConfigurationList;
			buildConfigurations = (
				3FB2C5B61D4456EA0060F7F7 /* Debug */,
				3FB2C5B71D4456EA0060F7F7 /* Release */,
			);
			defaultConfigurationIsVisible = 0;
		};
		3FB2C5B81D4456EA0060F7F7 /* Build configuration list for PBXNativeTarget "ConfigExUITests" */ = {
			isa = XCConfigurationList;
			buildConfigurations = (
				3FB2C5B91D4456EA0060F7F7 /* Debug */,
				3FB2C5BA1D4456EA0060F7F7 /* Release */,
			);
			defaultConfigurationIsVisible = 0;
		};
/* End XCConfigurationList section */
	};
	rootObject = 3FB2C5821D4456E90060F7F7 /* Project object */;
}
